
Microsoft Visual Studio Solution File, Format Version 12.00
# Visual Studio Version 17
VisualStudioVersion = 17.12.35527.113 d17.12
MinimumVisualStudioVersion = 10.0.40219.1
Project("{FAE04EC0-301F-11D3-BF4B-00C04F79EFBC}") = "MemoryGame", "MemoryGame\MemoryGame.csproj", "{9D43B7A8-65AB-4B76-9D49-44707A05F1F4}"
	ProjectSection(ProjectDependencies) = postProject
		{1D951C87-9F72-4A8D-964B-6F8079573B8F} = {1D951C87-9F72-4A8D-964B-6F8079573B8F}
	EndProjectSection
EndProject
Project("{8BC9CEB8-8B4A-11D0-8D11-00A0C91BC942}") = "MemoryCore", "MemoryCore\MemoryCore.vcxproj", "{7B081836-F577-49C1-86A8-E89D4AF97341}"
EndProject
Project("{8BC9CEB8-8B4A-11D0-8D11-00A0C91BC942}") = "MemroyWrapper", "MemroyWrapper\MemroyWrapper.vcxproj", "{1D951C87-9F72-4A8D-964B-6F8079573B8F}"
	ProjectSection(ProjectDependencies) = postProject
		{7B081836-F577-49C1-86A8-E89D4AF97341} = {7B081836-F577-49C1-86A8-E89D4AF97341}
	EndProjectSection
EndProject
Global
	GlobalSection(SolutionConfigurationPlatforms) = preSolution
		Debug|Any CPU = Debug|Any CPU
		Debug|x64 = Debug|x64
		Debug|x86 = Debug|x86
		Release|Any CPU = Release|Any CPU
		Release|x64 = Release|x64
		Release|x86 = Release|x86
	EndGlobalSection
	GlobalSection(ProjectConfigurationPlatforms) = postSolution
		{9D43B7A8-65AB-4B76-9D49-44707A05F1F4}.Debug|Any CPU.ActiveCfg = Debug|Any CPU
		{9D43B7A8-65AB-4B76-9D49-44707A05F1F4}.Debug|Any CPU.Build.0 = Debug|Any CPU
		{9D43B7A8-65AB-4B76-9D49-44707A05F1F4}.Debug|x64.ActiveCfg = Debug|Any CPU
		{9D43B7A8-65AB-4B76-9D49-44707A05F1F4}.Debug|x64.Build.0 = Debug|Any CPU
		{9D43B7A8-65AB-4B76-9D49-44707A05F1F4}.Debug|x86.ActiveCfg = Debug|Any CPU
		{9D43B7A8-65AB-4B76-9D49-44707A05F1F4}.Debug|x86.Build.0 = Debug|Any CPU
		{9D43B7A8-65AB-4B76-9D49-44707A05F1F4}.Release|Any CPU.ActiveCfg = Release|Any CPU
		{9D43B7A8-65AB-4B76-9D49-44707A05F1F4}.Release|Any CPU.Build.0 = Release|Any CPU
		{9D43B7A8-65AB-4B76-9D49-44707A05F1F4}.Release|x64.ActiveCfg = Release|Any CPU
		{9D43B7A8-65AB-4B76-9D49-44707A05F1F4}.Release|x64.Build.0 = Release|Any CPU
		{9D43B7A8-65AB-4B76-9D49-44707A05F1F4}.Release|x86.ActiveCfg = Release|Any CPU
		{9D43B7A8-65AB-4B76-9D49-44707A05F1F4}.Release|x86.Build.0 = Release|Any CPU
		{7B081836-F577-49C1-86A8-E89D4AF97341}.Debug|Any CPU.ActiveCfg = Debug|x64
		{7B081836-F577-49C1-86A8-E89D4AF97341}.Debug|Any CPU.Build.0 = Debug|x64
		{7B081836-F577-49C1-86A8-E89D4AF97341}.Debug|x64.ActiveCfg = Debug|x64
		{7B081836-F577-49C1-86A8-E89D4AF97341}.Debug|x64.Build.0 = Debug|x64
		{7B081836-F577-49C1-86A8-E89D4AF97341}.Debug|x86.ActiveCfg = Debug|Win32
		{7B081836-F577-49C1-86A8-E89D4AF97341}.Debug|x86.Build.0 = Debug|Win32
		{7B081836-F577-49C1-86A8-E89D4AF97341}.Release|Any CPU.ActiveCfg = Release|x64
		{7B081836-F577-49C1-86A8-E89D4AF97341}.Release|Any CPU.Build.0 = Release|x64
		{7B081836-F577-49C1-86A8-E89D4AF97341}.Release|x64.ActiveCfg = Release|x64
		{7B081836-F577-49C1-86A8-E89D4AF97341}.Release|x64.Build.0 = Release|x64
		{7B081836-F577-49C1-86A8-E89D4AF97341}.Release|x86.ActiveCfg = Release|Win32
		{7B081836-F577-49C1-86A8-E89D4AF97341}.Release|x86.Build.0 = Release|Win32
		{1D951C87-9F72-4A8D-964B-6F8079573B8F}.Debug|Any CPU.ActiveCfg = Debug|x64
		{1D951C87-9F72-4A8D-964B-6F8079573B8F}.Debug|Any CPU.Build.0 = Debug|x64
		{1D951C87-9F72-4A8D-964B-6F8079573B8F}.Debug|x64.ActiveCfg = Debug|x64
		{1D951C87-9F72-4A8D-964B-6F8079573B8F}.Debug|x64.Build.0 = Debug|x64
		{1D951C87-9F72-4A8D-964B-6F8079573B8F}.Debug|x86.ActiveCfg = Debug|Win32
		{1D951C87-9F72-4A8D-964B-6F8079573B8F}.Debug|x86.Build.0 = Debug|Win32
		{1D951C87-9F72-4A8D-964B-6F8079573B8F}.Release|Any CPU.ActiveCfg = Release|x64
		{1D951C87-9F72-4A8D-964B-6F8079573B8F}.Release|Any CPU.Build.0 = Release|x64
		{1D951C87-9F72-4A8D-964B-6F8079573B8F}.Release|x64.ActiveCfg = Release|x64
		{1D951C87-9F72-4A8D-964B-6F8079573B8F}.Release|x64.Build.0 = Release|x64
		{1D951C87-9F72-4A8D-964B-6F8079573B8F}.Release|x86.ActiveCfg = Release|Win32
		{1D951C87-9F72-4A8D-964B-6F8079573B8F}.Release|x86.Build.0 = Release|Win32
	EndGlobalSection
	GlobalSection(SolutionProperties) = preSolution
		HideSolutionNode = FALSE
	EndGlobalSection
EndGlobal
